
Microsoft Visual Studio Solution File, Format Version 10.00
# Visual Studio 2008
Project("{FAE04EC0-301F-11D3-BF4B-00C04F79EFBC}") = "LuaExecutionControl", "LuaExecutionControl.csproj", "{92f7b046-517c-4a0a-94fb-827a16ed8521}"
EndProject
Global
	GlobalSection(SolutionConfigurationPlatforms) = preSolution
		Debug|Any CPU = Debug|Any CPU
		Release|Any CPU = Release|Any CPU
	EndGlobalSection
	GlobalSection(ProjectConfigurationPlatforms) = postSolution
		{92f7b046-517c-4a0a-94fb-827a16ed8521}.Debug|Any CPU.ActiveCfg = Debug|Any CPU
		{92f7b046-517c-4a0a-94fb-827a16ed8521}.Debug|Any CPU.Build.0 = Debug|Any CPU
		{92f7b046-517c-4a0a-94fb-827a16ed8521}.Release|Any CPU.ActiveCfg = Release|Any CPU
		{92f7b046-517c-4a0a-94fb-827a16ed8521}.Release|Any CPU.Build.0 = Release|Any CPU
	EndGlobalSection
	GlobalSection(SolutionProperties) = preSolution
		HideSolutionNode = FALSE
	EndGlobalSection
EndGlobal
