
Microsoft Visual Studio Solution File, Format Version 10.00
# Visual Studio 2008
Project("{FAE04EC0-301F-11D3-BF4B-00C04F79EFBC}") = "StreamBasicWithStreamOut", "StreamBasicWithStreamOut.csproj", "{C082BEC0-1D7E-4D8A-844B-A4AB9BBE4B3C}"
EndProject
Global
	GlobalSection(SolutionConfigurationPlatforms) = preSolution
		Debug|Any CPU = Debug|Any CPU
		Release|Any CPU = Release|Any CPU
	EndGlobalSection
	GlobalSection(ProjectConfigurationPlatforms) = postSolution
		{C082BEC0-1D7E-4D8A-844B-A4AB9BBE4B3C}.Debug|Any CPU.ActiveCfg = Debug|Any CPU
		{C082BEC0-1D7E-4D8A-844B-A4AB9BBE4B3C}.Debug|Any CPU.Build.0 = Debug|Any CPU
		{C082BEC0-1D7E-4D8A-844B-A4AB9BBE4B3C}.Release|Any CPU.ActiveCfg = Release|Any CPU
		{C082BEC0-1D7E-4D8A-844B-A4AB9BBE4B3C}.Release|Any CPU.Build.0 = Release|Any CPU
	EndGlobalSection
	GlobalSection(SolutionProperties) = preSolution
		HideSolutionNode = FALSE
	EndGlobalSection
EndGlobal
