
Microsoft Visual Studio Solution File, Format Version 10.00
# Visual Studio 2008
Project("{FAE04EC0-301F-11D3-BF4B-00C04F79EFBC}") = "WriteEthernetConfig", "WriteEthernetConfig.csproj", "{AA4629F4-6645-4983-8FDF-367D5BE4F505}"
EndProject
Global
	GlobalSection(SolutionConfigurationPlatforms) = preSolution
		Debug|Any CPU = Debug|Any CPU
		Release|Any CPU = Release|Any CPU
	EndGlobalSection
	GlobalSection(ProjectConfigurationPlatforms) = postSolution
		{AA4629F4-6645-4983-8FDF-367D5BE4F505}.Debug|Any CPU.ActiveCfg = Debug|Any CPU
		{AA4629F4-6645-4983-8FDF-367D5BE4F505}.Debug|Any CPU.Build.0 = Debug|Any CPU
		{AA4629F4-6645-4983-8FDF-367D5BE4F505}.Release|Any CPU.ActiveCfg = Release|Any CPU
		{AA4629F4-6645-4983-8FDF-367D5BE4F505}.Release|Any CPU.Build.0 = Release|Any CPU
	EndGlobalSection
	GlobalSection(SolutionProperties) = preSolution
		HideSolutionNode = FALSE
	EndGlobalSection
EndGlobal
