
Microsoft Visual Studio Solution File, Format Version 10.00
# Visual Studio 2008
Project("{FAE04EC0-301F-11D3-BF4B-00C04F79EFBC}") = "ThermocoupleExample", "ThermocoupleExample.csproj", "{89a6b4fb-53e6-4d15-a0ae-645be7031032}"
EndProject
Global
	GlobalSection(SolutionConfigurationPlatforms) = preSolution
		Debug|Any CPU = Debug|Any CPU
		Release|Any CPU = Release|Any CPU
	EndGlobalSection
	GlobalSection(ProjectConfigurationPlatforms) = postSolution
		{89a6b4fb-53e6-4d15-a0ae-645be7031032}.Debug|Any CPU.ActiveCfg = Debug|Any CPU
		{89a6b4fb-53e6-4d15-a0ae-645be7031032}.Debug|Any CPU.Build.0 = Debug|Any CPU
		{89a6b4fb-53e6-4d15-a0ae-645be7031032}.Release|Any CPU.ActiveCfg = Release|Any CPU
		{89a6b4fb-53e6-4d15-a0ae-645be7031032}.Release|Any CPU.Build.0 = Release|Any CPU
	EndGlobalSection
	GlobalSection(SolutionProperties) = preSolution
		HideSolutionNode = FALSE
	EndGlobalSection
EndGlobal
