
Microsoft Visual Studio Solution File, Format Version 12.00
# Visual Studio Version 17
VisualStudioVersion = 17.9.34701.34
MinimumVisualStudioVersion = 10.0.40219.1
Project("{FAE04EC0-301F-11D3-BF4B-00C04F79EFBC}") = "DIOEFConfigPwm", "DIOEFConfigPwm.csproj", "{BA7B0468-C2ED-432A-AD54-0A0CFC9EBA4E}"
EndProject
Global
	GlobalSection(SolutionConfigurationPlatforms) = preSolution
		Debug|x86 = Debug|x86
		Release|x86 = Release|x86
	EndGlobalSection
	GlobalSection(ProjectConfigurationPlatforms) = postSolution
		{BA7B0468-C2ED-432A-AD54-0A0CFC9EBA4E}.Debug|x86.ActiveCfg = Debug|x86
		{BA7B0468-C2ED-432A-AD54-0A0CFC9EBA4E}.Debug|x86.Build.0 = Debug|x86
		{BA7B0468-C2ED-432A-AD54-0A0CFC9EBA4E}.Release|x86.ActiveCfg = Release|x86
		{BA7B0468-C2ED-432A-AD54-0A0CFC9EBA4E}.Release|x86.Build.0 = Release|x86
	EndGlobalSection
	GlobalSection(SolutionProperties) = preSolution
		HideSolutionNode = FALSE
	EndGlobalSection
	GlobalSection(ExtensibilityGlobals) = postSolution
		SolutionGuid = {4A003942-838D-4583-BFA1-2C9268508292}
	EndGlobalSection
EndGlobal
