
Microsoft Visual Studio Solution File, Format Version 10.00
# Visual Studio 2008
Project("{F184B08F-C81C-45F6-A57F-5ABD9991F28F}") = "WriteEthernetConfig", "WriteEthernetConfig.vbproj", "{407CA45B-E9EE-467A-8912-1B638DDDDDC1}"
EndProject
Global
	GlobalSection(SolutionConfigurationPlatforms) = preSolution
		Debug|Any CPU = Debug|Any CPU
		Release|Any CPU = Release|Any CPU
	EndGlobalSection
	GlobalSection(ProjectConfigurationPlatforms) = postSolution
		{407CA45B-E9EE-467A-8912-1B638DDDDDC1}.Debug|Any CPU.ActiveCfg = Debug|Any CPU
		{407CA45B-E9EE-467A-8912-1B638DDDDDC1}.Debug|Any CPU.Build.0 = Debug|Any CPU
		{407CA45B-E9EE-467A-8912-1B638DDDDDC1}.Release|Any CPU.ActiveCfg = Release|Any CPU
		{407CA45B-E9EE-467A-8912-1B638DDDDDC1}.Release|Any CPU.Build.0 = Release|Any CPU
	EndGlobalSection
	GlobalSection(SolutionProperties) = preSolution
		HideSolutionNode = FALSE
	EndGlobalSection
EndGlobal
