
Microsoft Visual Studio Solution File, Format Version 10.00
# Visual Studio 2008
Project("{FAE04EC0-301F-11D3-BF4B-00C04F79EFBC}") = "DualAINLoop", "DualAINLoop.csproj", "{478F1B52-2A92-4C81-BC5D-53C29D91B369}"
EndProject
Global
	GlobalSection(SolutionConfigurationPlatforms) = preSolution
		Debug|Any CPU = Debug|Any CPU
		Release|Any CPU = Release|Any CPU
	EndGlobalSection
	GlobalSection(ProjectConfigurationPlatforms) = postSolution
		{478F1B52-2A92-4C81-BC5D-53C29D91B369}.Debug|Any CPU.ActiveCfg = Debug|Any CPU
		{478F1B52-2A92-4C81-BC5D-53C29D91B369}.Debug|Any CPU.Build.0 = Debug|Any CPU
		{478F1B52-2A92-4C81-BC5D-53C29D91B369}.Release|Any CPU.ActiveCfg = Release|Any CPU
		{478F1B52-2A92-4C81-BC5D-53C29D91B369}.Release|Any CPU.Build.0 = Release|Any CPU
	EndGlobalSection
	GlobalSection(SolutionProperties) = preSolution
		HideSolutionNode = FALSE
	EndGlobalSection
EndGlobal
