
Microsoft Visual Studio Solution File, Format Version 10.00
# Visual Studio 2008
Project("{FAE04EC0-301F-11D3-BF4B-00C04F79EFBC}") = "SingleAIN", "SingleAIN.csproj", "{8897490B-A35A-495D-AAD5-DE2DEA98C2BE}"
EndProject
Global
	GlobalSection(SolutionConfigurationPlatforms) = preSolution
		Debug|Any CPU = Debug|Any CPU
		Release|Any CPU = Release|Any CPU
	EndGlobalSection
	GlobalSection(ProjectConfigurationPlatforms) = postSolution
		{8897490B-A35A-495D-AAD5-DE2DEA98C2BE}.Debug|Any CPU.ActiveCfg = Debug|Any CPU
		{8897490B-A35A-495D-AAD5-DE2DEA98C2BE}.Debug|Any CPU.Build.0 = Debug|Any CPU
		{8897490B-A35A-495D-AAD5-DE2DEA98C2BE}.Release|Any CPU.ActiveCfg = Release|Any CPU
		{8897490B-A35A-495D-AAD5-DE2DEA98C2BE}.Release|Any CPU.Build.0 = Release|Any CPU
	EndGlobalSection
	GlobalSection(SolutionProperties) = preSolution
		HideSolutionNode = FALSE
	EndGlobalSection
EndGlobal
