
Microsoft Visual Studio Solution File, Format Version 10.00
# Visual Studio 2008
Project("{FAE04EC0-301F-11D3-BF4B-00C04F79EFBC}") = "PeriodicStreamOut", "PeriodicStreamOut.csproj", "{80f8628c-86bf-40bb-ba15-b0d3c60265ec}"
EndProject
Global
	GlobalSection(SolutionConfigurationPlatforms) = preSolution
		Debug|Any CPU = Debug|Any CPU
		Release|Any CPU = Release|Any CPU
	EndGlobalSection
	GlobalSection(ProjectConfigurationPlatforms) = postSolution
		{80f8628c-86bf-40bb-ba15-b0d3c60265ec}.Debug|Any CPU.ActiveCfg = Debug|Any CPU
		{80f8628c-86bf-40bb-ba15-b0d3c60265ec}.Debug|Any CPU.Build.0 = Debug|Any CPU
		{80f8628c-86bf-40bb-ba15-b0d3c60265ec}.Release|Any CPU.ActiveCfg = Release|Any CPU
		{80f8628c-86bf-40bb-ba15-b0d3c60265ec}.Release|Any CPU.Build.0 = Release|Any CPU
	EndGlobalSection
	GlobalSection(SolutionProperties) = preSolution
		HideSolutionNode = FALSE
	EndGlobalSection
EndGlobal
