
Microsoft Visual Studio Solution File, Format Version 10.00
# Visual Studio 2008
Project("{FAE04EC0-301F-11D3-BF4B-00C04F79EFBC}") = "ListAll", "ListAll.csproj", "{4FC618D2-B273-4AF1-8BDB-8F9E8C9B39B7}"
EndProject
Global
	GlobalSection(SolutionConfigurationPlatforms) = preSolution
		Debug|Any CPU = Debug|Any CPU
		Release|Any CPU = Release|Any CPU
	EndGlobalSection
	GlobalSection(ProjectConfigurationPlatforms) = postSolution
		{4FC618D2-B273-4AF1-8BDB-8F9E8C9B39B7}.Debug|Any CPU.ActiveCfg = Debug|Any CPU
		{4FC618D2-B273-4AF1-8BDB-8F9E8C9B39B7}.Debug|Any CPU.Build.0 = Debug|Any CPU
		{4FC618D2-B273-4AF1-8BDB-8F9E8C9B39B7}.Release|Any CPU.ActiveCfg = Release|Any CPU
		{4FC618D2-B273-4AF1-8BDB-8F9E8C9B39B7}.Release|Any CPU.Build.0 = Release|Any CPU
	EndGlobalSection
	GlobalSection(SolutionProperties) = preSolution
		HideSolutionNode = FALSE
	EndGlobalSection
EndGlobal
