
Microsoft Visual Studio Solution File, Format Version 10.00
# Visual Studio 2008
Project("{FAE04EC0-301F-11D3-BF4B-00C04F79EFBC}") = "SingleAINWithConfig", "SingleAINWithConfig.csproj", "{B639A39D-DFDA-47AC-AE6C-5FA3A8FF2066}"
EndProject
Global
	GlobalSection(SolutionConfigurationPlatforms) = preSolution
		Debug|Any CPU = Debug|Any CPU
		Release|Any CPU = Release|Any CPU
	EndGlobalSection
	GlobalSection(ProjectConfigurationPlatforms) = postSolution
		{B639A39D-DFDA-47AC-AE6C-5FA3A8FF2066}.Debug|Any CPU.ActiveCfg = Debug|Any CPU
		{B639A39D-DFDA-47AC-AE6C-5FA3A8FF2066}.Debug|Any CPU.Build.0 = Debug|Any CPU
		{B639A39D-DFDA-47AC-AE6C-5FA3A8FF2066}.Release|Any CPU.ActiveCfg = Release|Any CPU
		{B639A39D-DFDA-47AC-AE6C-5FA3A8FF2066}.Release|Any CPU.Build.0 = Release|Any CPU
	EndGlobalSection
	GlobalSection(SolutionProperties) = preSolution
		HideSolutionNode = FALSE
	EndGlobalSection
EndGlobal
